// !$*UTF8*$!
{
	archiveVersion = 1;
	classes = {
	};
	objectVersion = 50;
	objects = {

/* Begin PBXBuildFile section */
		3DAEDAC5246E2B0D005BF302 /* AppDelegate.swift in Sources */ = {isa = PBXBuildFile; fileRef = 3DAEDAC4246E2B0D005BF302 /* AppDelegate.swift */; };
		3DAEDAC7246E2B0D005BF302 /* SceneDelegate.swift in Sources */ = {isa = PBXBuildFile; fileRef = 3DAEDAC6246E2B0D005BF302 /* SceneDelegate.swift */; };
		3DAEDAC9246E2B0D005BF302 /* ViewController.swift in Sources */ = {isa = PBXBuildFile; fileRef = 3DAEDAC8246E2B0D005BF302 /* ViewController.swift */; };
		3DAEDACC246E2B0D005BF302 /* Main.storyboard in Resources */ = {isa = PBXBuildFile; fileRef = 3DAEDACA246E2B0D005BF302 /* Main.storyboard */; };
		3DAEDACE246E2B11005BF302 /* Assets.xcassets in Resources */ = {isa = PBXBuildFile; fileRef = 3DAEDACD246E2B11005BF302 /* Assets.xcassets */; };
		3DAEDAD1246E2B11005BF302 /* LaunchScreen.storyboard in Resources */ = {isa = PBXBuildFile; fileRef = 3DAEDACF246E2B11005BF302 /* LaunchScreen.storyboard */; };
		3DAEDADC246E2B11005BF302 /* PhotoMasterTests.swift in Sources */ = {isa = PBXBuildFile; fileRef = 3DAEDADB246E2B11005BF302 /* PhotoMasterTests.swift */; };
		3DAEDAE7246E2B11005BF302 /* PhotoMasterUITests.swift in Sources */ = {isa = PBXBuildFile; fileRef = 3DAEDAE6246E2B11005BF302 /* PhotoMasterUITests.swift */; };
/* End PBXBuildFile section */

/* Begin PBXContainerItemProxy section */
		3DAEDAD8246E2B11005BF302 /* PBXContainerItemProxy */ = {
			isa = PBXContainerItemProxy;
			containerPortal = 3DAEDAB9246E2B0D005BF302 /* Project object */;
			proxyType = 1;
			remoteGlobalIDString = 3DAEDAC0246E2B0D005BF302;
			remoteInfo = PhotoMaster;
		};
		3DAEDAE3246E2B11005BF302 /* PBXContainerItemProxy */ = {
			isa = PBXContainerItemProxy;
			containerPortal = 3DAEDAB9246E2B0D005BF302 /* Project object */;
			proxyType = 1;
			remoteGlobalIDString = 3DAEDAC0246E2B0D005BF302;
			remoteInfo = PhotoMaster;
		};
/* End PBXContainerItemProxy section */

/* Begin PBXFileReference section */
		3DAEDAC1246E2B0D005BF302 /* PhotoMaster.app */ = {isa = PBXFileReference; explicitFileType = wrapper.application; includeInIndex = 0; path = PhotoMaster.app; sourceTree = BUILT_PRODUCTS_DIR; };
		3DAEDAC4246E2B0D005BF302 /* AppDelegate.swift */ = {isa = PBXFileReference; lastKnownFileType = sourcecode.swift; path = AppDelegate.swift; sourceTree = "<group>"; };
		3DAEDAC6246E2B0D005BF302 /* SceneDelegate.swift */ = {isa = PBXFileReference; lastKnownFileType = sourcecode.swift; path = SceneDelegate.swift; sourceTree = "<group>"; };
		3DAEDAC8246E2B0D005BF302 /* ViewController.swift */ = {isa = PBXFileReference; lastKnownFileType = sourcecode.swift; path = ViewController.swift; sourceTree = "<group>"; };
		3DAEDACB246E2B0D005BF302 /* Base */ = {isa = PBXFileReference; lastKnownFileType = file.storyboard; name = Base; path = Base.lproj/Main.storyboard; sourceTree = "<group>"; };
		3DAEDACD246E2B11005BF302 /* Assets.xcassets */ = {isa = PBXFileReference; lastKnownFileType = folder.assetcatalog; path = Assets.xcassets; sourceTree = "<group>"; };
		3DAEDAD0246E2B11005BF302 /* Base */ = {isa = PBXFileReference; lastKnownFileType = file.storyboard; name = Base; path = Base.lproj/LaunchScreen.storyboard; sourceTree = "<group>"; };
		3DAEDAD2246E2B11005BF302 /* Info.plist */ = {isa = PBXFileReference; lastKnownFileType = text.plist.xml; path = Info.plist; sourceTree = "<group>"; };
		3DAEDAD7246E2B11005BF302 /* PhotoMasterTests.xctest */ = {isa = PBXFileReference; explicitFileType = wrapper.cfbundle; includeInIndex = 0; path = PhotoMasterTests.xctest; sourceTree = BUILT_PRODUCTS_DIR; };
		3DAEDADB246E2B11005BF302 /* PhotoMasterTests.swift */ = {isa = PBXFileReference; lastKnownFileType = sourcecode.swift; path = PhotoMasterTests.swift; sourceTree = "<group>"; };
		3DAEDADD246E2B11005BF302 /* Info.plist */ = {isa = PBXFileReference; lastKnownFileType = text.plist.xml; path = Info.plist; sourceTree = "<group>"; };
		3DAEDAE2246E2B11005BF302 /* PhotoMasterUITests.xctest */ = {isa = PBXFileReference; explicitFileType = wrapper.cfbundle; includeInIndex = 0; path = PhotoMasterUITests.xctest; sourceTree = BUILT_PRODUCTS_DIR; };
		3DAEDAE6246E2B11005BF302 /* PhotoMasterUITests.swift */ = {isa = PBXFileReference; lastKnownFileType = sourcecode.swift; path = PhotoMasterUITests.swift; sourceTree = "<group>"; };
		3DAEDAE8246E2B11005BF302 /* Info.plist */ = {isa = PBXFileReference; lastKnownFileType = text.plist.xml; path = Info.plist; sourceTree = "<group>"; };
/* End PBXFileReference section */

/* Begin PBXFrameworksBuildPhase section */
		3DAEDABE246E2B0D005BF302 /* Frameworks */ = {
			isa = PBXFrameworksBuildPhase;
			buildActionMask = 2147483647;
			files = (
			);
			runOnlyForDeploymentPostprocessing = 0;
		};
		3DAEDAD4246E2B11005BF302 /* Frameworks */ = {
			isa = PBXFrameworksBuildPhase;
			buildActionMask = 2147483647;
			files = (
			);
			runOnlyForDeploymentPostprocessing = 0;
		};
		3DAEDADF246E2B11005BF302 /* Frameworks */ = {
			isa = PBXFrameworksBuildPhase;
			buildActionMask = 2147483647;
			files = (
			);
			runOnlyForDeploymentPostprocessing = 0;
		};
/* End PBXFrameworksBuildPhase section */

/* Begin PBXGroup section */
		3DAEDAB8246E2B0D005BF302 = {
			isa = PBXGroup;
			children = (
				3DAEDAC3246E2B0D005BF302 /* PhotoMaster */,
				3DAEDADA246E2B11005BF302 /* PhotoMasterTests */,
				3DAEDAE5246E2B11005BF302 /* PhotoMasterUITests */,
				3DAEDAC2246E2B0D005BF302 /* Products */,
			);
			sourceTree = "<group>";
		};
		3DAEDAC2246E2B0D005BF302 /* Products */ = {
			isa = PBXGroup;
			children = (
				3DAEDAC1246E2B0D005BF302 /* PhotoMaster.app */,
				3DAEDAD7246E2B11005BF302 /* PhotoMasterTests.xctest */,
				3DAEDAE2246E2B11005BF302 /* PhotoMasterUITests.xctest */,
			);
			name = Products;
			sourceTree = "<group>";
		};
		3DAEDAC3246E2B0D005BF302 /* PhotoMaster */ = {
			isa = PBXGroup;
			children = (
				3DAEDAC4246E2B0D005BF302 /* AppDelegate.swift */,
				3DAEDAC6246E2B0D005BF302 /* SceneDelegate.swift */,
				3DAEDAC8246E2B0D005BF302 /* ViewController.swift */,
				3DAEDACA246E2B0D005BF302 /* Main.storyboard */,
				3DAEDACD246E2B11005BF302 /* Assets.xcassets */,
				3DAEDACF246E2B11005BF302 /* LaunchScreen.storyboard */,
				3DAEDAD2246E2B11005BF302 /* Info.plist */,
			);
			path = PhotoMaster;
			sourceTree = "<group>";
		};
		3DAEDADA246E2B11005BF302 /* PhotoMasterTests */ = {
			isa = PBXGroup;
			children = (
				3DAEDADB246E2B11005BF302 /* PhotoMasterTests.swift */,
				3DAEDADD246E2B11005BF302 /* Info.plist */,
			);
			path = PhotoMasterTests;
			sourceTree = "<group>";
		};
		3DAEDAE5246E2B11005BF302 /* PhotoMasterUITests */ = {
			isa = PBXGroup;
			children = (
				3DAEDAE6246E2B11005BF302 /* PhotoMasterUITests.swift */,
				3DAEDAE8246E2B11005BF302 /* Info.plist */,
			);
			path = PhotoMasterUITests;
			sourceTree = "<group>";
		};
/* End PBXGroup section */

/* Begin PBXNativeTarget section */
		3DAEDAC0246E2B0D005BF302 /* PhotoMaster */ = {
			isa = PBXNativeTarget;
			buildConfigurationList = 3DAEDAEB246E2B11005BF302 /* Build configuration list for PBXNativeTarget "PhotoMaster" */;
			buildPhases = (
				3DAEDABD246E2B0D005BF302 /* Sources */,
				3DAEDABE246E2B0D005BF302 /* Frameworks */,
				3DAEDABF246E2B0D005BF302 /* Resources */,
			);
			buildRules = (
			);
			dependencies = (
			);
			name = PhotoMaster;
			productName = PhotoMaster;
			productReference = 3DAEDAC1246E2B0D005BF302 /* PhotoMaster.app */;
			productType = "com.apple.product-type.application";
		};
		3DAEDAD6246E2B11005BF302 /* PhotoMasterTests */ = {
			isa = PBXNativeTarget;
			buildConfigurationList = 3DAEDAEE246E2B11005BF302 /* Build configuration list for PBXNativeTarget "PhotoMasterTests" */;
			buildPhases = (
				3DAEDAD3246E2B11005BF302 /* Sources */,
				3DAEDAD4246E2B11005BF302 /* Frameworks */,
				3DAEDAD5246E2B11005BF302 /* Resources */,
			);
			buildRules = (
			);
			dependencies = (
				3DAEDAD9246E2B11005BF302 /* PBXTargetDependency */,
			);
			name = PhotoMasterTests;
			productName = PhotoMasterTests;
			productReference = 3DAEDAD7246E2B11005BF302 /* PhotoMasterTests.xctest */;
			productType = "com.apple.product-type.bundle.unit-test";
		};
		3DAEDAE1246E2B11005BF302 /* PhotoMasterUITests */ = {
			isa = PBXNativeTarget;
			buildConfigurationList = 3DAEDAF1246E2B11005BF302 /* Build configuration list for PBXNativeTarget "PhotoMasterUITests" */;
			buildPhases = (
				3DAEDADE246E2B11005BF302 /* Sources */,
				3DAEDADF246E2B11005BF302 /* Frameworks */,
				3DAEDAE0246E2B11005BF302 /* Resources */,
			);
			buildRules = (
			);
			dependencies = (
				3DAEDAE4246E2B11005BF302 /* PBXTargetDependency */,
			);
			name = PhotoMasterUITests;
			productName = PhotoMasterUITests;
			productReference = 3DAEDAE2246E2B11005BF302 /* PhotoMasterUITests.xctest */;
			productType = "com.apple.product-type.bundle.ui-testing";
		};
/* End PBXNativeTarget section */

/* Begin PBXProject section */
		3DAEDAB9246E2B0D005BF302 /* Project object */ = {
			isa = PBXProject;
			attributes = {
				LastSwiftUpdateCheck = 1140;
				LastUpgradeCheck = 1140;
				ORGANIZATIONNAME = "Chai Akuzawa";
				TargetAttributes = {
					3DAEDAC0246E2B0D005BF302 = {
						CreatedOnToolsVersion = 11.4.1;
					};
					3DAEDAD6246E2B11005BF302 = {
						CreatedOnToolsVersion = 11.4.1;
						TestTargetID = 3DAEDAC0246E2B0D005BF302;
					};
					3DAEDAE1246E2B11005BF302 = {
						CreatedOnToolsVersion = 11.4.1;
						TestTargetID = 3DAEDAC0246E2B0D005BF302;
					};
				};
			};
			buildConfigurationList = 3DAEDABC246E2B0D005BF302 /* Build configuration list for PBXProject "PhotoMaster" */;
			compatibilityVersion = "Xcode 9.3";
			developmentRegion = en;
			hasScannedForEncodings = 0;
			knownRegions = (
				en,
				Base,
			);
			mainGroup = 3DAEDAB8246E2B0D005BF302;
			productRefGroup = 3DAEDAC2246E2B0D005BF302 /* Products */;
			projectDirPath = "";
			projectRoot = "";
			targets = (
				3DAEDAC0246E2B0D005BF302 /* PhotoMaster */,
				3DAEDAD6246E2B11005BF302 /* PhotoMasterTests */,
				3DAEDAE1246E2B11005BF302 /* PhotoMasterUITests */,
			);
		};
/* End PBXProject section */

/* Begin PBXResourcesBuildPhase section */
		3DAEDABF246E2B0D005BF302 /* Resources */ = {
			isa = PBXResourcesBuildPhase;
			buildActionMask = 2147483647;
			files = (
				3DAEDAD1246E2B11005BF302 /* LaunchScreen.storyboard in Resources */,
				3DAEDACE246E2B11005BF302 /* Assets.xcassets in Resources */,
				3DAEDACC246E2B0D005BF302 /* Main.storyboard in Resources */,
			);
			runOnlyForDeploymentPostprocessing = 0;
		};
		3DAEDAD5246E2B11005BF302 /* Resources */ = {
			isa = PBXResourcesBuildPhase;
			buildActionMask = 2147483647;
			files = (
			);
			runOnlyForDeploymentPostprocessing = 0;
		};
		3DAEDAE0246E2B11005BF302 /* Resources */ = {
			isa = PBXResourcesBuildPhase;
			buildActionMask = 2147483647;
			files = (
			);
			runOnlyForDeploymentPostprocessing = 0;
		};
/* End PBXResourcesBuildPhase section */

/* Begin PBXSourcesBuildPhase section */
		3DAEDABD246E2B0D005BF302 /* Sources */ = {
			isa = PBXSourcesBuildPhase;
			buildActionMask = 2147483647;
			files = (
				3DAEDAC9246E2B0D005BF302 /* ViewController.swift in Sources */,
				3DAEDAC5246E2B0D005BF302 /* AppDelegate.swift in Sources */,
				3DAEDAC7246E2B0D005BF302 /* SceneDelegate.swift in Sources */,
			);
			runOnlyForDeploymentPostprocessing = 0;
		};
		3DAEDAD3246E2B11005BF302 /* Sources */ = {
			isa = PBXSourcesBuildPhase;
			buildActionMask = 2147483647;
			files = (
				3DAEDADC246E2B11005BF302 /* PhotoMasterTests.swift in Sources */,
			);
			runOnlyForDeploymentPostprocessing = 0;
		};
		3DAEDADE246E2B11005BF302 /* Sources */ = {
			isa = PBXSourcesBuildPhase;
			buildActionMask = 2147483647;
			files = (
				3DAEDAE7246E2B11005BF302 /* PhotoMasterUITests.swift in Sources */,
			);
			runOnlyForDeploymentPostprocessing = 0;
		};
/* End PBXSourcesBuildPhase section */

/* Begin PBXTargetDependency section */
		3DAEDAD9246E2B11005BF302 /* PBXTargetDependency */ = {
			isa = PBXTargetDependency;
			target = 3DAEDAC0246E2B0D005BF302 /* PhotoMaster */;
			targetProxy = 3DAEDAD8246E2B11005BF302 /* PBXContainerItemProxy */;
		};
		3DAEDAE4246E2B11005BF302 /* PBXTargetDependency */ = {
			isa = PBXTargetDependency;
			target = 3DAEDAC0246E2B0D005BF302 /* PhotoMaster */;
			targetProxy = 3DAEDAE3246E2B11005BF302 /* PBXContainerItemProxy */;
		};
/* End PBXTargetDependency section */

/* Begin PBXVariantGroup section */
		3DAEDACA246E2B0D005BF302 /* Main.storyboard */ = {
			isa = PBXVariantGroup;
			children = (
				3DAEDACB246E2B0D005BF302 /* Base */,
			);
			name = Main.storyboard;
			sourceTree = "<group>";
		};
		3DAEDACF246E2B11005BF302 /* LaunchScreen.storyboard */ = {
			isa = PBXVariantGroup;
			children = (
				3DAEDAD0246E2B11005BF302 /* Base */,
			);
			name = LaunchScreen.storyboard;
			sourceTree = "<group>";
		};
/* End PBXVariantGroup section */

/* Begin XCBuildConfiguration section */
		3DAEDAE9246E2B11005BF302 /* Debug */ = {
			isa = XCBuildConfiguration;
			buildSettings = {
				ALWAYS_SEARCH_USER_PATHS = NO;
				CLANG_ANALYZER_NONNULL = YES;
				CLANG_ANALYZER_NUMBER_OBJECT_CONVERSION = YES_AGGRESSIVE;
				CLANG_CXX_LANGUAGE_STANDARD = "gnu++14";
				CLANG_CXX_LIBRARY = "libc++";
				CLANG_ENABLE_MODULES = YES;
				CLANG_ENABLE_OBJC_ARC = YES;
				CLANG_ENABLE_OBJC_WEAK = YES;
				CLANG_WARN_BLOCK_CAPTURE_AUTORELEASING = YES;
				CLANG_WARN_BOOL_CONVERSION = YES;
				CLANG_WARN_COMMA = YES;
				CLANG_WARN_CONSTANT_CONVERSION = YES;
				CLANG_WARN_DEPRECATED_OBJC_IMPLEMENTATIONS = YES;
				CLANG_WARN_DIRECT_OBJC_ISA_USAGE = YES_ERROR;
				CLANG_WARN_DOCUMENTATION_COMMENTS = YES;
				CLANG_WARN_EMPTY_BODY = YES;
				CLANG_WARN_ENUM_CONVERSION = YES;
				CLANG_WARN_INFINITE_RECURSION = YES;
				CLANG_WARN_INT_CONVERSION = YES;
				CLANG_WARN_NON_LITERAL_NULL_CONVERSION = YES;
				CLANG_WARN_OBJC_IMPLICIT_RETAIN_SELF = YES;
				CLANG_WARN_OBJC_LITERAL_CONVERSION = YES;
				CLANG_WARN_OBJC_ROOT_CLASS = YES_ERROR;
				CLANG_WARN_RANGE_LOOP_ANALYSIS = YES;
				CLANG_WARN_STRICT_PROTOTYPES = YES;
				CLANG_WARN_SUSPICIOUS_MOVE = YES;
				CLANG_WARN_UNGUARDED_AVAILABILITY = YES_AGGRESSIVE;
				CLANG_WARN_UNREACHABLE_CODE = YES;
				CLANG_WARN__DUPLICATE_METHOD_MATCH = YES;
				COPY_PHASE_STRIP = NO;
				DEBUG_INFORMATION_FORMAT = dwarf;
				ENABLE_STRICT_OBJC_MSGSEND = YES;
				ENABLE_TESTABILITY = YES;
				GCC_C_LANGUAGE_STANDARD = gnu11;
				GCC_DYNAMIC_NO_PIC = NO;
				GCC_NO_COMMON_BLOCKS = YES;
				GCC_OPTIMIZATION_LEVEL = 0;
				GCC_PREPROCESSOR_DEFINITIONS = (
					"DEBUG=1",
					"$(inherited)",
				);
				GCC_WARN_64_TO_32_BIT_CONVERSION = YES;
				GCC_WARN_ABOUT_RETURN_TYPE = YES_ERROR;
				GCC_WARN_UNDECLARED_SELECTOR = YES;
				GCC_WARN_UNINITIALIZED_AUTOS = YES_AGGRESSIVE;
				GCC_WARN_UNUSED_FUNCTION = YES;
				GCC_WARN_UNUSED_VARIABLE = YES;
				IPHONEOS_DEPLOYMENT_TARGET = 13.4;
				MTL_ENABLE_DEBUG_INFO = INCLUDE_SOURCE;
				MTL_FAST_MATH = YES;
				ONLY_ACTIVE_ARCH = YES;
				SDKROOT = iphoneos;
				SWIFT_ACTIVE_COMPILATION_CONDITIONS = DEBUG;
				SWIFT_OPTIMIZATION_LEVEL = "-Onone";
			};
			name = Debug;
		};
		3DAEDAEA246E2B11005BF302 /* Release */ = {
			isa = XCBuildConfiguration;
			buildSettings = {
				ALWAYS_SEARCH_USER_PATHS = NO;
				CLANG_ANALYZER_NONNULL = YES;
				CLANG_ANALYZER_NUMBER_OBJECT_CONVERSION = YES_AGGRESSIVE;
				CLANG_CXX_LANGUAGE_STANDARD = "gnu++14";
				CLANG_CXX_LIBRARY = "libc++";
				CLANG_ENABLE_MODULES = YES;
				CLANG_ENABLE_OBJC_ARC = YES;
				CLANG_ENABLE_OBJC_WEAK = YES;
				CLANG_WARN_BLOCK_CAPTURE_AUTORELEASING = YES;
				CLANG_WARN_BOOL_CONVERSION = YES;
				CLANG_WARN_COMMA = YES;
				CLANG_WARN_CONSTANT_CONVERSION = YES;
				CLANG_WARN_DEPRECATED_OBJC_IMPLEMENTATIONS = YES;
				CLANG_WARN_DIRECT_OBJC_ISA_USAGE = YES_ERROR;
				CLANG_WARN_DOCUMENTATION_COMMENTS = YES;
				CLANG_WARN_EMPTY_BODY = YES;
				CLANG_WARN_ENUM_CONVERSION = YES;
				CLANG_WARN_INFINITE_RECURSION = YES;
				CLANG_WARN_INT_CONVERSION = YES;
				CLANG_WARN_NON_LITERAL_NULL_CONVERSION = YES;
				CLANG_WARN_OBJC_IMPLICIT_RETAIN_SELF = YES;
				CLANG_WARN_OBJC_LITERAL_CONVERSION = YES;
				CLANG_WARN_OBJC_ROOT_CLASS = YES_ERROR;
				CLANG_WARN_RANGE_LOOP_ANALYSIS = YES;
				CLANG_WARN_STRICT_PROTOTYPES = YES;
				CLANG_WARN_SUSPICIOUS_MOVE = YES;
				CLANG_WARN_UNGUARDED_AVAILABILITY = YES_AGGRESSIVE;
				CLANG_WARN_UNREACHABLE_CODE = YES;
				CLANG_WARN__DUPLICATE_METHOD_MATCH = YES;
				COPY_PHASE_STRIP = NO;
				DEBUG_INFORMATION_FORMAT = "dwarf-with-dsym";
				ENABLE_NS_ASSERTIONS = NO;
				ENABLE_STRICT_OBJC_MSGSEND = YES;
				GCC_C_LANGUAGE_STANDARD = gnu11;
				GCC_NO_COMMON_BLOCKS = YES;
				GCC_WARN_64_TO_32_BIT_CONVERSION = YES;
				GCC_WARN_ABOUT_RETURN_TYPE = YES_ERROR;
				GCC_WARN_UNDECLARED_SELECTOR = YES;
				GCC_WARN_UNINITIALIZED_AUTOS = YES_AGGRESSIVE;
				GCC_WARN_UNUSED_FUNCTION = YES;
				GCC_WARN_UNUSED_VARIABLE = YES;
				IPHONEOS_DEPLOYMENT_TARGET = 13.4;
				MTL_ENABLE_DEBUG_INFO = NO;
				MTL_FAST_MATH = YES;
				SDKROOT = iphoneos;
				SWIFT_COMPILATION_MODE = wholemodule;
				SWIFT_OPTIMIZATION_LEVEL = "-O";
				VALIDATE_PRODUCT = YES;
			};
			name = Release;
		};
		3DAEDAEC246E2B11005BF302 /* Debug */ = {
			isa = XCBuildConfiguration;
			buildSettings = {
				ASSETCATALOG_COMPILER_APPICON_NAME = AppIcon;
				CODE_SIGN_STYLE = Automatic;
				DEVELOPMENT_TEAM = N7BHR355TR;
				INFOPLIST_FILE = PhotoMaster/Info.plist;
				IPHONEOS_DEPLOYMENT_TARGET = 13.4;
				LD_RUNPATH_SEARCH_PATHS = (
					"$(inherited)",
					"@executable_path/Frameworks",
				);
				PRODUCT_BUNDLE_IDENTIFIER = app.chai.akuzawa.PhotoMaster;
				PRODUCT_NAME = "$(TARGET_NAME)";
				SWIFT_VERSION = 5.0;
				TARGETED_DEVICE_FAMILY = "1,2";
			};
			name = Debug;
		};
		3DAEDAED246E2B11005BF302 /* Release */ = {
			isa = XCBuildConfiguration;
			buildSettings = {
				ASSETCATALOG_COMPILER_APPICON_NAME = AppIcon;
				CODE_SIGN_STYLE = Automatic;
				DEVELOPMENT_TEAM = N7BHR355TR;
				INFOPLIST_FILE = PhotoMaster/Info.plist;
				IPHONEOS_DEPLOYMENT_TARGET = 13.4;
				LD_RUNPATH_SEARCH_PATHS = (
					"$(inherited)",
					"@executable_path/Frameworks",
				);
				PRODUCT_BUNDLE_IDENTIFIER = app.chai.akuzawa.PhotoMaster;
				PRODUCT_NAME = "$(TARGET_NAME)";
				SWIFT_VERSION = 5.0;
				TARGETED_DEVICE_FAMILY = "1,2";
			};
			name = Release;
		};
		3DAEDAEF246E2B11005BF302 /* Debug */ = {
			isa = XCBuildConfiguration;
			buildSettings = {
				ALWAYS_EMBED_SWIFT_STANDARD_LIBRARIES = YES;
				BUNDLE_LOADER = "$(TEST_HOST)";
				CODE_SIGN_STYLE = Automatic;
				INFOPLIST_FILE = PhotoMasterTests/Info.plist;
				IPHONEOS_DEPLOYMENT_TARGET = 13.4;
				LD_RUNPATH_SEARCH_PATHS = (
					"$(inherited)",
					"@executable_path/Frameworks",
					"@loader_path/Frameworks",
				);
				PRODUCT_BUNDLE_IDENTIFIER = app.chai.akuzawa.PhotoMasterTests;
				PRODUCT_NAME = "$(TARGET_NAME)";
				SWIFT_VERSION = 5.0;
				TARGETED_DEVICE_FAMILY = "1,2";
				TEST_HOST = "$(BUILT_PRODUCTS_DIR)/PhotoMaster.app/PhotoMaster";
			};
			name = Debug;
		};
		3DAEDAF0246E2B11005BF302 /* Release */ = {
			isa = XCBuildConfiguration;
			buildSettings = {
				ALWAYS_EMBED_SWIFT_STANDARD_LIBRARIES = YES;
				BUNDLE_LOADER = "$(TEST_HOST)";
				CODE_SIGN_STYLE = Automatic;
				INFOPLIST_FILE = PhotoMasterTests/Info.plist;
				IPHONEOS_DEPLOYMENT_TARGET = 13.4;
				LD_RUNPATH_SEARCH_PATHS = (
					"$(inherited)",
					"@executable_path/Frameworks",
					"@loader_path/Frameworks",
				);
				PRODUCT_BUNDLE_IDENTIFIER = app.chai.akuzawa.PhotoMasterTests;
				PRODUCT_NAME = "$(TARGET_NAME)";
				SWIFT_VERSION = 5.0;
				TARGETED_DEVICE_FAMILY = "1,2";
				TEST_HOST = "$(BUILT_PRODUCTS_DIR)/PhotoMaster.app/PhotoMaster";
			};
			name = Release;
		};
		3DAEDAF2246E2B11005BF302 /* Debug */ = {
			isa = XCBuildConfiguration;
			buildSettings = {
				ALWAYS_EMBED_SWIFT_STANDARD_LIBRARIES = YES;
				CODE_SIGN_STYLE = Automatic;
				INFOPLIST_FILE = PhotoMasterUITests/Info.plist;
				LD_RUNPATH_SEARCH_PATHS = (
					"$(inherited)",
					"@executable_path/Frameworks",
					"@loader_path/Frameworks",
				);
				PRODUCT_BUNDLE_IDENTIFIER = app.chai.akuzawa.PhotoMasterUITests;
				PRODUCT_NAME = "$(TARGET_NAME)";
				SWIFT_VERSION = 5.0;
				TARGETED_DEVICE_FAMILY = "1,2";
				TEST_TARGET_NAME = PhotoMaster;
			};
			name = Debug;
		};
		3DAEDAF3246E2B11005BF302 /* Release */ = {
			isa = XCBuildConfiguration;
			buildSettings = {
				ALWAYS_EMBED_SWIFT_STANDARD_LIBRARIES = YES;
				CODE_SIGN_STYLE = Automatic;
				INFOPLIST_FILE = PhotoMasterUITests/Info.plist;
				LD_RUNPATH_SEARCH_PATHS = (
					"$(inherited)",
					"@executable_path/Frameworks",
					"@loader_path/Frameworks",
				);
				PRODUCT_BUNDLE_IDENTIFIER = app.chai.akuzawa.PhotoMasterUITests;
				PRODUCT_NAME = "$(TARGET_NAME)";
				SWIFT_VERSION = 5.0;
				TARGETED_DEVICE_FAMILY = "1,2";
				TEST_TARGET_NAME = PhotoMaster;
			};
			name = Release;
		};
/* End XCBuildConfiguration section */

/* Begin XCConfigurationList section */
		3DAEDABC246E2B0D005BF302 /* Build configuration list for PBXProject "PhotoMaster" */ = {
			isa = XCConfigurationList;
			buildConfigurations = (
				3DAEDAE9246E2B11005BF302 /* Debug */,
				3DAEDAEA246E2B11005BF302 /* Release */,
			);
			defaultConfigurationIsVisible = 0;
			defaultConfigurationName = Release;
		};
		3DAEDAEB246E2B11005BF302 /* Build configuration list for PBXNativeTarget "PhotoMaster" */ = {
			isa = XCConfigurationList;
			buildConfigurations = (
				3DAEDAEC246E2B11005BF302 /* Debug */,
				3DAEDAED246E2B11005BF302 /* Release */,
			);
			defaultConfigurationIsVisible = 0;
			defaultConfigurationName = Release;
		};
		3DAEDAEE246E2B11005BF302 /* Build configuration list for PBXNativeTarget "PhotoMasterTests" */ = {
			isa = XCConfigurationList;
			buildConfigurations = (
				3DAEDAEF246E2B11005BF302 /* Debug */,
				3DAEDAF0246E2B11005BF302 /* Release */,
			);
			defaultConfigurationIsVisible = 0;
			defaultConfigurationName = Release;
		};
		3DAEDAF1246E2B11005BF302 /* Build configuration list for PBXNativeTarget "PhotoMasterUITests" */ = {
			isa = XCConfigurationList;
			buildConfigurations = (
				3DAEDAF2246E2B11005BF302 /* Debug */,
				3DAEDAF3246E2B11005BF302 /* Release */,
			);
			defaultConfigurationIsVisible = 0;
			defaultConfigurationName = Release;
		};
/* End XCConfigurationList section */
	};
	rootObject = 3DAEDAB9246E2B0D005BF302 /* Project object */;
}
